name: "Update flake inputs"

on:
  workflow_dispatch:
  schedule:
    # Every Sunday at 00:00 UTC
    - cron: '0 0 * * 0'

jobs:
  update-flake-lock:
    runs-on: ubuntu-latest
    permissions:
      contents: write
      id-token: write
      issues: write
      pull-requests: write
    steps:
      - uses: actions/checkout@v7

      - uses: DeterminateSystems/determinate-nix-action@v3

      - uses: DeterminateSystems/update-flake-lock@v28
        with:
          pr-title: "Update flake inputs"
          pr-labels: |
            dependencies
            automated
